# This file is generated by running "yarn install" inside your project.
# Manual changes might be lost - proceed with caution!

__metadata:
  version: 8
  cacheKey: 10

"@emnapi/runtime@npm:^1.5.0":
  version: 1.7.0
  resolution: "@emnapi/runtime@npm:1.7.0"
  dependencies:
    tslib: "npm:^2.4.0"
  checksum: 10/4dc726eb42fe2c7777fd32090f3e5e006c630e1a732538139caa18daf586e883e81c562cd69b0622db16e76bb572a2dde30711494edcee4a34059b62f5f46267
  languageName: node
  linkType: hard

"@img/colour@npm:^1.0.0":
  version: 1.0.0
  resolution: "@img/colour@npm:1.0.0"
  checksum: 10/bd248d7c4b8ba99a72b22a005a63f1d3309ee8343a74b6d0d1314bae300a3096919991a09e9a9243cf6ca50e393b4c5a7e065488ed616c3b58d052473240b812
  languageName: node
  linkType: hard

"@img/sharp-darwin-arm64@npm:0.34.4":
  version: 0.34.4
  resolution: "@img/sharp-darwin-arm64@npm:0.34.4"
  dependencies:
    "@img/sharp-libvips-darwin-arm64": "npm:1.2.3"
  dependenciesMeta:
    "@img/sharp-libvips-darwin-arm64":
      optional: true
  conditions: os=darwin & cpu=arm64
  languageName: node
  linkType: hard

"@img/sharp-darwin-x64@npm:0.34.4":
  version: 0.34.4
  resolution: "@img/sharp-darwin-x64@npm:0.34.4"
  dependencies:
    "@img/sharp-libvips-darwin-x64": "npm:1.2.3"
  dependenciesMeta:
    "@img/sharp-libvips-darwin-x64":
      optional: true
  conditions: os=darwin & cpu=x64
  languageName: node
  linkType: hard

"@img/sharp-libvips-darwin-arm64@npm:1.2.3":
  version: 1.2.3
  resolution: "@img/sharp-libvips-darwin-arm64@npm:1.2.3"
  conditions: os=darwin & cpu=arm64
  languageName: node
  linkType: hard

"@img/sharp-libvips-darwin-x64@npm:1.2.3":
  version: 1.2.3
  resolution: "@img/sharp-libvips-darwin-x64@npm:1.2.3"
  conditions: os=darwin & cpu=x64
  languageName: node
  linkType: hard

"@img/sharp-libvips-linux-arm64@npm:1.2.3":
  version: 1.2.3
  resolution: "@img/sharp-libvips-linux-arm64@npm:1.2.3"
  conditions: os=linux & cpu=arm64 & libc=glibc
  languageName: node
  linkType: hard

"@img/sharp-libvips-linux-arm@npm:1.2.3":
  version: 1.2.3
  resolution: "@img/sharp-libvips-linux-arm@npm:1.2.3"
  conditions: os=linux & cpu=arm & libc=glibc
  languageName: node
  linkType: hard

"@img/sharp-libvips-linux-ppc64@npm:1.2.3":
  version: 1.2.3
  resolution: "@img/sharp-libvips-linux-ppc64@npm:1.2.3"
  conditions: os=linux & cpu=ppc64 & libc=glibc
  languageName: node
  linkType: hard

"@img/sharp-libvips-linux-s390x@npm:1.2.3":
  version: 1.2.3
  resolution: "@img/sharp-libvips-linux-s390x@npm:1.2.3"
  conditions: os=linux & cpu=s390x & libc=glibc
  languageName: node
  linkType: hard

"@img/sharp-libvips-linux-x64@npm:1.2.3":
  version: 1.2.3
  resolution: "@img/sharp-libvips-linux-x64@npm:1.2.3"
  conditions: os=linux & cpu=x64 & libc=glibc
  languageName: node
  linkType: hard

"@img/sharp-libvips-linuxmusl-arm64@npm:1.2.3":
  version: 1.2.3
  resolution: "@img/sharp-libvips-linuxmusl-arm64@npm:1.2.3"
  conditions: os=linux & cpu=arm64 & libc=musl
  languageName: node
  linkType: hard

"@img/sharp-libvips-linuxmusl-x64@npm:1.2.3":
  version: 1.2.3
  resolution: "@img/sharp-libvips-linuxmusl-x64@npm:1.2.3"
  conditions: os=linux & cpu=x64 & libc=musl
  languageName: node
  linkType: hard

"@img/sharp-linux-arm64@npm:0.34.4":
  version: 0.34.4
  resolution: "@img/sharp-linux-arm64@npm:0.34.4"
  dependencies:
    "@img/sharp-libvips-linux-arm64": "npm:1.2.3"
  dependenciesMeta:
    "@img/sharp-libvips-linux-arm64":
      optional: true
  conditions: os=linux & cpu=arm64 & libc=glibc
  languageName: node
  linkType: hard

"@img/sharp-linux-arm@npm:0.34.4":
  version: 0.34.4
  resolution: "@img/sharp-linux-arm@npm:0.34.4"
  dependencies:
    "@img/sharp-libvips-linux-arm": "npm:1.2.3"
  dependenciesMeta:
    "@img/sharp-libvips-linux-arm":
      optional: true
  conditions: os=linux & cpu=arm & libc=glibc
  languageName: node
  linkType: hard

"@img/sharp-linux-ppc64@npm:0.34.4":
  version: 0.34.4
  resolution: "@img/sharp-linux-ppc64@npm:0.34.4"
  dependencies:
    "@img/sharp-libvips-linux-ppc64": "npm:1.2.3"
  dependenciesMeta:
    "@img/sharp-libvips-linux-ppc64":
      optional: true
  conditions: os=linux & cpu=ppc64 & libc=glibc
  languageName: node
  linkType: hard

"@img/sharp-linux-s390x@npm:0.34.4":
  version: 0.34.4
  resolution: "@img/sharp-linux-s390x@npm:0.34.4"
  dependencies:
    "@img/sharp-libvips-linux-s390x": "npm:1.2.3"
  dependenciesMeta:
    "@img/sharp-libvips-linux-s390x":
      optional: true
  conditions: os=linux & cpu=s390x & libc=glibc
  languageName: node
  linkType: hard

"@img/sharp-linux-x64@npm:0.34.4":
  version: 0.34.4
  resolution: "@img/sharp-linux-x64@npm:0.34.4"
  dependencies:
    "@img/sharp-libvips-linux-x64": "npm:1.2.3"
  dependenciesMeta:
    "@img/sharp-libvips-linux-x64":
      optional: true
  conditions: os=linux & cpu=x64 & libc=glibc
  languageName: node
  linkType: hard

"@img/sharp-linuxmusl-arm64@npm:0.34.4":
  version: 0.34.4
  resolution: "@img/sharp-linuxmusl-arm64@npm:0.34.4"
  dependencies:
    "@img/sharp-libvips-linuxmusl-arm64": "npm:1.2.3"
  dependenciesMeta:
    "@img/sharp-libvips-linuxmusl-arm64":
      optional: true
  conditions: os=linux & cpu=arm64 & libc=musl
  languageName: node
  linkType: hard

"@img/sharp-linuxmusl-x64@npm:0.34.4":
  version: 0.34.4
  resolution: "@img/sharp-linuxmusl-x64@npm:0.34.4"
  dependencies:
    "@img/sharp-libvips-linuxmusl-x64": "npm:1.2.3"
  dependenciesMeta:
    "@img/sharp-libvips-linuxmusl-x64":
      optional: true
  conditions: os=linux & cpu=x64 & libc=musl
  languageName: node
  linkType: hard

"@img/sharp-wasm32@npm:0.34.4":
  version: 0.34.4
  resolution: "@img/sharp-wasm32@npm:0.34.4"
  dependencies:
    "@emnapi/runtime": "npm:^1.5.0"
  conditions: cpu=wasm32
  languageName: node
  linkType: hard

"@img/sharp-win32-arm64@npm:0.34.4":
  version: 0.34.4
  resolution: "@img/sharp-win32-arm64@npm:0.34.4"
  conditions: os=win32 & cpu=arm64
  languageName: node
  linkType: hard

"@img/sharp-win32-ia32@npm:0.34.4":
  version: 0.34.4
  resolution: "@img/sharp-win32-ia32@npm:0.34.4"
  conditions: os=win32 & cpu=ia32
  languageName: node
  linkType: hard

"@img/sharp-win32-x64@npm:0.34.4":
  version: 0.34.4
  resolution: "@img/sharp-win32-x64@npm:0.34.4"
  conditions: os=win32 & cpu=x64
  languageName: node
  linkType: hard

"@navikt/next-api-proxy@workspace:.":
  version: 0.0.0-use.local
  resolution: "@navikt/next-api-proxy@workspace:."
  dependencies:
    "@navikt/tsm-prettier": "npm:^2.0.0"
    "@types/node": "npm:^22.19.0"
    next: "npm:^16.0.1"
    prettier: "npm:^3.6.2"
    typescript: "npm:^5.9.3"
  peerDependencies:
    next: 14 || 15 || 16
  languageName: unknown
  linkType: soft

"@navikt/tsm-prettier@npm:^2.0.0":
  version: 2.0.0
  resolution: "@navikt/tsm-prettier@npm:2.0.0::__archiveUrl=https%3A%2F%2Fnpm.pkg.github.com%2Fdownload%2F%40navikt%2Ftsm-prettier%2F2.0.0%2F48f457e5234d4a13586c9d61512891eeca06a383"
  peerDependencies:
    prettier: ">= 3"
  checksum: 10/1257f9143e100b882984a4f72b6dcde64dc17fb3260f5b83f9e78912e811763d78fb8908403a2963881c1f02e4918552dc3573e0ce9e4d00cf48a5aeb288bfc3
  languageName: node
  linkType: hard

"@next/env@npm:16.0.1":
  version: 16.0.1
  resolution: "@next/env@npm:16.0.1"
  checksum: 10/f0cd6a4a24a53b3f6e3cd48c24739d708fa6fbf83c591d505f1cd06ee32476fd9f8a8376dce6e0254a35e92c1086d30d0a11662f05bb15e7d92954d21e1064bf
  languageName: node
  linkType: hard

"@next/swc-darwin-arm64@npm:16.0.1":
  version: 16.0.1
  resolution: "@next/swc-darwin-arm64@npm:16.0.1"
  conditions: os=darwin & cpu=arm64
  languageName: node
  linkType: hard

"@next/swc-darwin-x64@npm:16.0.1":
  version: 16.0.1
  resolution: "@next/swc-darwin-x64@npm:16.0.1"
  conditions: os=darwin & cpu=x64
  languageName: node
  linkType: hard

"@next/swc-linux-arm64-gnu@npm:16.0.1":
  version: 16.0.1
  resolution: "@next/swc-linux-arm64-gnu@npm:16.0.1"
  conditions: os=linux & cpu=arm64 & libc=glibc
  languageName: node
  linkType: hard

"@next/swc-linux-arm64-musl@npm:16.0.1":
  version: 16.0.1
  resolution: "@next/swc-linux-arm64-musl@npm:16.0.1"
  conditions: os=linux & cpu=arm64 & libc=musl
  languageName: node
  linkType: hard

"@next/swc-linux-x64-gnu@npm:16.0.1":
  version: 16.0.1
  resolution: "@next/swc-linux-x64-gnu@npm:16.0.1"
  conditions: os=linux & cpu=x64 & libc=glibc
  languageName: node
  linkType: hard

"@next/swc-linux-x64-musl@npm:16.0.1":
  version: 16.0.1
  resolution: "@next/swc-linux-x64-musl@npm:16.0.1"
  conditions: os=linux & cpu=x64 & libc=musl
  languageName: node
  linkType: hard

"@next/swc-win32-arm64-msvc@npm:16.0.1":
  version: 16.0.1
  resolution: "@next/swc-win32-arm64-msvc@npm:16.0.1"
  conditions: os=win32 & cpu=arm64
  languageName: node
  linkType: hard

"@next/swc-win32-x64-msvc@npm:16.0.1":
  version: 16.0.1
  resolution: "@next/swc-win32-x64-msvc@npm:16.0.1"
  conditions: os=win32 & cpu=x64
  languageName: node
  linkType: hard

"@swc/helpers@npm:0.5.15":
  version: 0.5.15
  resolution: "@swc/helpers@npm:0.5.15"
  dependencies:
    tslib: "npm:^2.8.0"
  checksum: 10/e3f32c6deeecfb0fa3f22edff03a7b358e7ce16d27b0f1c8b5cdc3042c5c4ce4da6eac0b781ab7cc4f54696ece657467d56734fb26883439fb00017385364c4c
  languageName: node
  linkType: hard

"@types/node@npm:^22.19.0":
  version: 22.19.0
  resolution: "@types/node@npm:22.19.0"
  dependencies:
    undici-types: "npm:~6.21.0"
  checksum: 10/fdb16593b54fcc82f16064da089f89e80df3da70162a379dc9dc91fd65234704d738f31a5479ab1affc45ca531333ccdb4fad5546e5fcd40327987b9539f173f
  languageName: node
  linkType: hard

"caniuse-lite@npm:^1.0.30001579":
  version: 1.0.30001717
  resolution: "caniuse-lite@npm:1.0.30001717"
  checksum: 10/e47dfd8707ea305baa177f3d3d531df614f5a9ac6335363fc8f86f0be4caf79f5734f3f68b601fee4edd9d79f1e5ffc0931466bb894bf955ed6b1dd5a1c34b1d
  languageName: node
  linkType: hard

"client-only@npm:0.0.1":
  version: 0.0.1
  resolution: "client-only@npm:0.0.1"
  checksum: 10/0c16bf660dadb90610553c1d8946a7fdfb81d624adea073b8440b7d795d5b5b08beb3c950c6a2cf16279365a3265158a236876d92bce16423c485c322d7dfaf8
  languageName: node
  linkType: hard

"detect-libc@npm:^2.1.0":
  version: 2.1.2
  resolution: "detect-libc@npm:2.1.2"
  checksum: 10/b736c8d97d5d46164c0d1bed53eb4e6a3b1d8530d460211e2d52f1c552875e706c58a5376854e4e54f8b828c9cada58c855288c968522eb93ac7696d65970766
  languageName: node
  linkType: hard

"nanoid@npm:^3.3.6":
  version: 3.3.11
  resolution: "nanoid@npm:3.3.11"
  bin:
    nanoid: bin/nanoid.cjs
  checksum: 10/73b5afe5975a307aaa3c95dfe3334c52cdf9ae71518176895229b8d65ab0d1c0417dd081426134eb7571c055720428ea5d57c645138161e7d10df80815527c48
  languageName: node
  linkType: hard

"next@npm:^16.0.1":
  version: 16.0.1
  resolution: "next@npm:16.0.1"
  dependencies:
    "@next/env": "npm:16.0.1"
    "@next/swc-darwin-arm64": "npm:16.0.1"
    "@next/swc-darwin-x64": "npm:16.0.1"
    "@next/swc-linux-arm64-gnu": "npm:16.0.1"
    "@next/swc-linux-arm64-musl": "npm:16.0.1"
    "@next/swc-linux-x64-gnu": "npm:16.0.1"
    "@next/swc-linux-x64-musl": "npm:16.0.1"
    "@next/swc-win32-arm64-msvc": "npm:16.0.1"
    "@next/swc-win32-x64-msvc": "npm:16.0.1"
    "@swc/helpers": "npm:0.5.15"
    caniuse-lite: "npm:^1.0.30001579"
    postcss: "npm:8.4.31"
    sharp: "npm:^0.34.4"
    styled-jsx: "npm:5.1.6"
  peerDependencies:
    "@opentelemetry/api": ^1.1.0
    "@playwright/test": ^1.51.1
    babel-plugin-react-compiler: "*"
    react: ^18.2.0 || 19.0.0-rc-de68d2f4-20241204 || ^19.0.0
    react-dom: ^18.2.0 || 19.0.0-rc-de68d2f4-20241204 || ^19.0.0
    sass: ^1.3.0
  dependenciesMeta:
    "@next/swc-darwin-arm64":
      optional: true
    "@next/swc-darwin-x64":
      optional: true
    "@next/swc-linux-arm64-gnu":
      optional: true
    "@next/swc-linux-arm64-musl":
      optional: true
    "@next/swc-linux-x64-gnu":
      optional: true
    "@next/swc-linux-x64-musl":
      optional: true
    "@next/swc-win32-arm64-msvc":
      optional: true
    "@next/swc-win32-x64-msvc":
      optional: true
    sharp:
      optional: true
  peerDependenciesMeta:
    "@opentelemetry/api":
      optional: true
    "@playwright/test":
      optional: true
    babel-plugin-react-compiler:
      optional: true
    sass:
      optional: true
  bin:
    next: dist/bin/next
  checksum: 10/911b9073197c86206000dc2a6383c6b87cb4dd771c3dd1298d6e9616e36cbc791d7db9a7b7c685f4ba89056cf9cddc0571c22704b605fed98e2559d727c2be4c
  languageName: node
  linkType: hard

"picocolors@npm:^1.0.0":
  version: 1.1.1
  resolution: "picocolors@npm:1.1.1"
  checksum: 10/e1cf46bf84886c79055fdfa9dcb3e4711ad259949e3565154b004b260cd356c5d54b31a1437ce9782624bf766272fe6b0154f5f0c744fb7af5d454d2b60db045
  languageName: node
  linkType: hard

"postcss@npm:8.4.31":
  version: 8.4.31
  resolution: "postcss@npm:8.4.31"
  dependencies:
    nanoid: "npm:^3.3.6"
    picocolors: "npm:^1.0.0"
    source-map-js: "npm:^1.0.2"
  checksum: 10/1a6653e72105907377f9d4f2cd341d8d90e3fde823a5ddea1e2237aaa56933ea07853f0f2758c28892a1d70c53bbaca200eb8b80f8ed55f13093003dbec5afa0
  languageName: node
  linkType: hard

"prettier@npm:^3.6.2":
  version: 3.6.2
  resolution: "prettier@npm:3.6.2"
  bin:
    prettier: bin/prettier.cjs
  checksum: 10/1213691706bcef1371d16ef72773c8111106c3533b660b1cc8ec158bd109cdf1462804125f87f981f23c4a3dba053b6efafda30ab0114cc5b4a725606bb9ff26
  languageName: node
  linkType: hard

"semver@npm:^7.7.2":
  version: 7.7.3
  resolution: "semver@npm:7.7.3"
  bin:
    semver: bin/semver.js
  checksum: 10/8dbc3168e057a38fc322af909c7f5617483c50caddba135439ff09a754b20bdd6482a5123ff543dad4affa488ecf46ec5fb56d61312ad20bb140199b88dfaea9
  languageName: node
  linkType: hard

"sharp@npm:^0.34.4":
  version: 0.34.4
  resolution: "sharp@npm:0.34.4"
  dependencies:
    "@img/colour": "npm:^1.0.0"
    "@img/sharp-darwin-arm64": "npm:0.34.4"
    "@img/sharp-darwin-x64": "npm:0.34.4"
    "@img/sharp-libvips-darwin-arm64": "npm:1.2.3"
    "@img/sharp-libvips-darwin-x64": "npm:1.2.3"
    "@img/sharp-libvips-linux-arm": "npm:1.2.3"
    "@img/sharp-libvips-linux-arm64": "npm:1.2.3"
    "@img/sharp-libvips-linux-ppc64": "npm:1.2.3"
    "@img/sharp-libvips-linux-s390x": "npm:1.2.3"
    "@img/sharp-libvips-linux-x64": "npm:1.2.3"
    "@img/sharp-libvips-linuxmusl-arm64": "npm:1.2.3"
    "@img/sharp-libvips-linuxmusl-x64": "npm:1.2.3"
    "@img/sharp-linux-arm": "npm:0.34.4"
    "@img/sharp-linux-arm64": "npm:0.34.4"
    "@img/sharp-linux-ppc64": "npm:0.34.4"
    "@img/sharp-linux-s390x": "npm:0.34.4"
    "@img/sharp-linux-x64": "npm:0.34.4"
    "@img/sharp-linuxmusl-arm64": "npm:0.34.4"
    "@img/sharp-linuxmusl-x64": "npm:0.34.4"
    "@img/sharp-wasm32": "npm:0.34.4"
    "@img/sharp-win32-arm64": "npm:0.34.4"
    "@img/sharp-win32-ia32": "npm:0.34.4"
    "@img/sharp-win32-x64": "npm:0.34.4"
    detect-libc: "npm:^2.1.0"
    semver: "npm:^7.7.2"
  dependenciesMeta:
    "@img/sharp-darwin-arm64":
      optional: true
    "@img/sharp-darwin-x64":
      optional: true
    "@img/sharp-libvips-darwin-arm64":
      optional: true
    "@img/sharp-libvips-darwin-x64":
      optional: true
    "@img/sharp-libvips-linux-arm":
      optional: true
    "@img/sharp-libvips-linux-arm64":
      optional: true
    "@img/sharp-libvips-linux-ppc64":
      optional: true
    "@img/sharp-libvips-linux-s390x":
      optional: true
    "@img/sharp-libvips-linux-x64":
      optional: true
    "@img/sharp-libvips-linuxmusl-arm64":
      optional: true
    "@img/sharp-libvips-linuxmusl-x64":
      optional: true
    "@img/sharp-linux-arm":
      optional: true
    "@img/sharp-linux-arm64":
      optional: true
    "@img/sharp-linux-ppc64":
      optional: true
    "@img/sharp-linux-s390x":
      optional: true
    "@img/sharp-linux-x64":
      optional: true
    "@img/sharp-linuxmusl-arm64":
      optional: true
    "@img/sharp-linuxmusl-x64":
      optional: true
    "@img/sharp-wasm32":
      optional: true
    "@img/sharp-win32-arm64":
      optional: true
    "@img/sharp-win32-ia32":
      optional: true
    "@img/sharp-win32-x64":
      optional: true
  checksum: 10/8e6268e3b0fba7704291684e63c2829963a5ec311d8a8ebbcd32d750c4efb0b01594d925d289ccb5ac0ac373df40fedf5a05a8f331470db799b9c78c48923cba
  languageName: node
  linkType: hard

"source-map-js@npm:^1.0.2":
  version: 1.2.1
  resolution: "source-map-js@npm:1.2.1"
  checksum: 10/ff9d8c8bf096d534a5b7707e0382ef827b4dd360a577d3f34d2b9f48e12c9d230b5747974ee7c607f0df65113732711bb701fe9ece3c7edbd43cb2294d707df3
  languageName: node
  linkType: hard

"styled-jsx@npm:5.1.6":
  version: 5.1.6
  resolution: "styled-jsx@npm:5.1.6"
  dependencies:
    client-only: "npm:0.0.1"
  peerDependencies:
    react: ">= 16.8.0 || 17.x.x || ^18.0.0-0 || ^19.0.0-0"
  peerDependenciesMeta:
    "@babel/core":
      optional: true
    babel-plugin-macros:
      optional: true
  checksum: 10/ba01200e8227fe1441a719c2e7da96c8aa7ef61d14211d1500e1abce12efa118479bcb6e7e12beecb9e1db76432caad2f4e01bbc0c9be21c134b088a4ca5ffe0
  languageName: node
  linkType: hard

"tslib@npm:^2.4.0, tslib@npm:^2.8.0":
  version: 2.8.1
  resolution: "tslib@npm:2.8.1"
  checksum: 10/3e2e043d5c2316461cb54e5c7fe02c30ef6dccb3384717ca22ae5c6b5bc95232a6241df19c622d9c73b809bea33b187f6dbc73030963e29950c2141bc32a79f7
  languageName: node
  linkType: hard

"typescript@npm:^5.9.3":
  version: 5.9.3
  resolution: "typescript@npm:5.9.3"
  bin:
    tsc: bin/tsc
    tsserver: bin/tsserver
  checksum: 10/c089d9d3da2729fd4ac517f9b0e0485914c4b3c26f80dc0cffcb5de1719a17951e92425d55db59515c1a7ddab65808466debb864d0d56dcf43f27007d0709594
  languageName: node
  linkType: hard

"typescript@patch:typescript@npm%3A^5.9.3#optional!builtin<compat/typescript>":
  version: 5.9.3
  resolution: "typescript@patch:typescript@npm%3A5.9.3#optional!builtin<compat/typescript>::version=5.9.3&hash=5786d5"
  bin:
    tsc: bin/tsc
    tsserver: bin/tsserver
  checksum: 10/696e1b017bc2635f4e0c94eb4435357701008e2f272f553d06e35b494b8ddc60aa221145e286c28ace0c89ee32827a28c2040e3a69bdc108b1a5dc8fb40b72e3
  languageName: node
  linkType: hard

"undici-types@npm:~6.21.0":
  version: 6.21.0
  resolution: "undici-types@npm:6.21.0"
  checksum: 10/ec8f41aa4359d50f9b59fa61fe3efce3477cc681908c8f84354d8567bb3701fafdddf36ef6bff307024d3feb42c837cf6f670314ba37fc8145e219560e473d14
  languageName: node
  linkType: hard
